<?xml version="1.0" encoding="utf-8"?>
<Project ToolsVersion="4.0" xmlns="http://schemas.microsoft.com/developer/msbuild/2003">
  <ItemGroup>
    <Filter Include="Source Files">
      <UniqueIdentifier>{4FC737F1-C7A5-4376-A066-2A32D752A2FF}</UniqueIdentifier>
      <Extensions>cpp;c;cc;cxx;def;odl;idl;hpj;bat;asm;asmx</Extensions>
    </Filter>
    <Filter Include="Header Files">
      <UniqueIdentifier>{93995380-89BD-4b04-88EB-625FBE52EBFB}</UniqueIdentifier>
      <Extensions>h;hh;hpp;hxx;hm;inl;inc;xsd</Extensions>
    </Filter>
    <Filter Include="Resource Files">
      <UniqueIdentifier>{67DA6AB6-F800-4c08-8B7A-83BB121AAD01}</UniqueIdentifier>
      <Extensions>rc;ico;cur;bmp;dlg;rc2;rct;bin;rgs;gif;jpg;jpeg;jpe;resx;tiff;tif;png;wav;mfcribbon-ms</Extensions>
    </Filter>
  </ItemGroup>
  <ItemGroup>
    <None Include="packages.config" />
  </ItemGroup>
  <ItemGroup>
    <ClCompile Include="main.cpp">
      <Filter>Source Files</Filter>
    </ClCompile>
    <ClCompile Include="tests\MemberAggregateTests.cpp">
      <Filter>Source Files</Filter>
    </ClCompile>
  </ItemGroup>
  <ItemGroup>
    <ClInclude Include="aggregates\member\MemberAggregate.h">
      <Filter>Header Files</Filter>
    </ClInclude>
    <ClInclude Include="aggregates\member\MemberCommandHandler.h">
      <Filter>Header Files</Filter>
    </ClInclude>
    <ClInclude Include="framework\AggregateRepository.h">
      <Filter>Header Files</Filter>
    </ClInclude>
    <ClInclude Include="framework\IdTools.h">
      <Filter>Header Files</Filter>
    </ClInclude>
    <ClInclude Include="framework\IdToolsImpl.h">
      <Filter>Header Files</Filter>
    </ClInclude>
    <ClInclude Include="framework\ProjectEvent.h">
      <Filter>Header Files</Filter>
    </ClInclude>
    <ClInclude Include="framework\uuid.h">
      <Filter>Header Files</Filter>
    </ClInclude>
    <ClInclude Include="exceptions\ProjectException.h">
      <Filter>Header Files</Filter>
    </ClInclude>
    <ClInclude Include="enums\ExceptionCodes.h">
      <Filter>Header Files</Filter>
    </ClInclude>
    <ClInclude Include="exceptions\ConflictException.h">
      <Filter>Header Files</Filter>
    </ClInclude>
    <ClInclude Include="exceptions\GeneralException.h">
      <Filter>Header Files</Filter>
    </ClInclude>
    <ClInclude Include="exceptions\UnauthorizedException.h">
      <Filter>Header Files</Filter>
    </ClInclude>
    <ClInclude Include="tests\catch.hpp">
      <Filter>Header Files</Filter>
    </ClInclude>
    <ClInclude Include="aggregates\member\commands\CreateAdminMemberCommand.h">
      <Filter>Header Files</Filter>
    </ClInclude>
    <ClInclude Include="aggregates\member\commands\CreateUnitCommand.h">
      <Filter>Header Files</Filter>
    </ClInclude>
    <ClInclude Include="aggregates\member\commands\UpdateMemberDetailsCommand.h">
      <Filter>Header Files</Filter>
    </ClInclude>
    <ClInclude Include="aggregates\member\commands\UpdateMemberPasswordCommand.h">
      <Filter>Header Files</Filter>
    </ClInclude>
    <ClInclude Include="exceptions\InvalidInputException.h">
      <Filter>Header Files</Filter>
    </ClInclude>
    <ClInclude Include="aggregates\member\events\AdminMemberCreatedEvent.h">
      <Filter>Header Files</Filter>
    </ClInclude>
    <ClInclude Include="aggregates\member\events\MemberDetailsUpdatedEvent.h">
      <Filter>Header Files</Filter>
    </ClInclude>
    <ClInclude Include="aggregates\member\events\MemberPasswordUpdatedEvent.h">
      <Filter>Header Files</Filter>
    </ClInclude>
    <ClInclude Include="aggregates\member\events\UnitCreatedEvent.h">
      <Filter>Header Files</Filter>
    </ClInclude>
  </ItemGroup>
</Project>